// !$*UTF8*$!
{
	archiveVersion = 1;
	classes = {
	};
	objectVersion = 46;
	objects = {

/* Begin PBXBuildFile section */
		504F31DE1C9ABD3A00AB13BE /* AppDelegate.swift in Sources */ = {isa = PBXBuildFile; fileRef = 504F31DD1C9ABD3A00AB13BE /* AppDelegate.swift */; };
		504F31E01C9ABD3A00AB13BE /* ViewController.swift in Sources */ = {isa = PBXBuildFile; fileRef = 504F31DF1C9ABD3A00AB13BE /* ViewController.swift */; };
		504F31E31C9ABD3A00AB13BE /* Main.storyboard in Resources */ = {isa = PBXBuildFile; fileRef = 504F31E11C9ABD3A00AB13BE /* Main.storyboard */; };
		504F31E51C9ABD3A00AB13BE /* Images.xcassets in Resources */ = {isa = PBXBuildFile; fileRef = 504F31E41C9ABD3A00AB13BE /* Images.xcassets */; };
		504F31E81C9ABD3A00AB13BE /* LaunchScreen.xib in Resources */ = {isa = PBXBuildFile; fileRef = 504F31E61C9ABD3A00AB13BE /* LaunchScreen.xib */; };
		504F31F41C9ABD3A00AB13BE /* HealthKitPracticeTests.swift in Sources */ = {isa = PBXBuildFile; fileRef = 504F31F31C9ABD3A00AB13BE /* HealthKitPracticeTests.swift */; };
/* End PBXBuildFile section */

/* Begin PBXContainerItemProxy section */
		504F31EE1C9ABD3A00AB13BE /* PBXContainerItemProxy */ = {
			isa = PBXContainerItemProxy;
			containerPortal = 504F31D01C9ABD3A00AB13BE /* Project object */;
			proxyType = 1;
			remoteGlobalIDString = 504F31D71C9ABD3A00AB13BE;
			remoteInfo = HealthKitPractice;
		};
/* End PBXContainerItemProxy section */

/* Begin PBXFileReference section */
		504F31D81C9ABD3A00AB13BE /* HealthKitPractice.app */ = {isa = PBXFileReference; explicitFileType = wrapper.application; includeInIndex = 0; path = HealthKitPractice.app; sourceTree = BUILT_PRODUCTS_DIR; };
		504F31DC1C9ABD3A00AB13BE /* Info.plist */ = {isa = PBXFileReference; lastKnownFileType = text.plist.xml; path = Info.plist; sourceTree = "<group>"; };
		504F31DD1C9ABD3A00AB13BE /* AppDelegate.swift */ = {isa = PBXFileReference; lastKnownFileType = sourcecode.swift; path = AppDelegate.swift; sourceTree = "<group>"; };
		504F31DF1C9ABD3A00AB13BE /* ViewController.swift */ = {isa = PBXFileReference; lastKnownFileType = sourcecode.swift; path = ViewController.swift; sourceTree = "<group>"; };
		504F31E21C9ABD3A00AB13BE /* Base */ = {isa = PBXFileReference; lastKnownFileType = file.storyboard; name = Base; path = Base.lproj/Main.storyboard; sourceTree = "<group>"; };
		504F31E41C9ABD3A00AB13BE /* Images.xcassets */ = {isa = PBXFileReference; lastKnownFileType = folder.assetcatalog; path = Images.xcassets; sourceTree = "<group>"; };
		504F31E71C9ABD3A00AB13BE /* Base */ = {isa = PBXFileReference; lastKnownFileType = file.xib; name = Base; path = Base.lproj/LaunchScreen.xib; sourceTree = "<group>"; };
		504F31ED1C9ABD3A00AB13BE /* HealthKitPracticeTests.xctest */ = {isa = PBXFileReference; explicitFileType = wrapper.cfbundle; includeInIndex = 0; path = HealthKitPracticeTests.xctest; sourceTree = BUILT_PRODUCTS_DIR; };
		504F31F21C9ABD3A00AB13BE /* Info.plist */ = {isa = PBXFileReference; lastKnownFileType = text.plist.xml; path = Info.plist; sourceTree = "<group>"; };
		504F31F31C9ABD3A00AB13BE /* HealthKitPracticeTests.swift */ = {isa = PBXFileReference; lastKnownFileType = sourcecode.swift; path = HealthKitPracticeTests.swift; sourceTree = "<group>"; };
/* End PBXFileReference section */

/* Begin PBXFrameworksBuildPhase section */
		504F31D51C9ABD3A00AB13BE /* Frameworks */ = {
			isa = PBXFrameworksBuildPhase;
			buildActionMask = 2147483647;
			files = (
			);
			runOnlyForDeploymentPostprocessing = 0;
		};
		504F31EA1C9ABD3A00AB13BE /* Frameworks */ = {
			isa = PBXFrameworksBuildPhase;
			buildActionMask = 2147483647;
			files = (
			);
			runOnlyForDeploymentPostprocessing = 0;
		};
/* End PBXFrameworksBuildPhase section */

/* Begin PBXGroup section */
		504F31CF1C9ABD3A00AB13BE = {
			isa = PBXGroup;
			children = (
				504F31DA1C9ABD3A00AB13BE /* HealthKitPractice */,
				504F31F01C9ABD3A00AB13BE /* HealthKitPracticeTests */,
				504F31D91C9ABD3A00AB13BE /* Products */,
			);
			sourceTree = "<group>";
		};
		504F31D91C9ABD3A00AB13BE /* Products */ = {
			isa = PBXGroup;
			children = (
				504F31D81C9ABD3A00AB13BE /* HealthKitPractice.app */,
				504F31ED1C9ABD3A00AB13BE /* HealthKitPracticeTests.xctest */,
			);
			name = Products;
			sourceTree = "<group>";
		};
		504F31DA1C9ABD3A00AB13BE /* HealthKitPractice */ = {
			isa = PBXGroup;
			children = (
				504F31DD1C9ABD3A00AB13BE /* AppDelegate.swift */,
				504F31DF1C9ABD3A00AB13BE /* ViewController.swift */,
				504F31E11C9ABD3A00AB13BE /* Main.storyboard */,
				504F31E41C9ABD3A00AB13BE /* Images.xcassets */,
				504F31E61C9ABD3A00AB13BE /* LaunchScreen.xib */,
				504F31DB1C9ABD3A00AB13BE /* Supporting Files */,
			);
			path = HealthKitPractice;
			sourceTree = "<group>";
		};
		504F31DB1C9ABD3A00AB13BE /* Supporting Files */ = {
			isa = PBXGroup;
			children = (
				504F31DC1C9ABD3A00AB13BE /* Info.plist */,
			);
			name = "Supporting Files";
			sourceTree = "<group>";
		};
		504F31F01C9ABD3A00AB13BE /* HealthKitPracticeTests */ = {
			isa = PBXGroup;
			children = (
				504F31F31C9ABD3A00AB13BE /* HealthKitPracticeTests.swift */,
				504F31F11C9ABD3A00AB13BE /* Supporting Files */,
			);
			path = HealthKitPracticeTests;
			sourceTree = "<group>";
		};
		504F31F11C9ABD3A00AB13BE /* Supporting Files */ = {
			isa = PBXGroup;
			children = (
				504F31F21C9ABD3A00AB13BE /* Info.plist */,
			);
			name = "Supporting Files";
			sourceTree = "<group>";
		};
/* End PBXGroup section */

/* Begin PBXNativeTarget section */
		504F31D71C9ABD3A00AB13BE /* HealthKitPractice */ = {
			isa = PBXNativeTarget;
			buildConfigurationList = 504F31F71C9ABD3A00AB13BE /* Build configuration list for PBXNativeTarget "HealthKitPractice" */;
			buildPhases = (
				504F31D41C9ABD3A00AB13BE /* Sources */,
				504F31D51C9ABD3A00AB13BE /* Frameworks */,
				504F31D61C9ABD3A00AB13BE /* Resources */,
			);
			buildRules = (
			);
			dependencies = (
			);
			name = HealthKitPractice;
			productName = HealthKitPractice;
			productReference = 504F31D81C9ABD3A00AB13BE /* HealthKitPractice.app */;
			productType = "com.apple.product-type.application";
		};
		504F31EC1C9ABD3A00AB13BE /* HealthKitPracticeTests */ = {
			isa = PBXNativeTarget;
			buildConfigurationList = 504F31FA1C9ABD3A00AB13BE /* Build configuration list for PBXNativeTarget "HealthKitPracticeTests" */;
			buildPhases = (
				504F31E91C9ABD3A00AB13BE /* Sources */,
				504F31EA1C9ABD3A00AB13BE /* Frameworks */,
				504F31EB1C9ABD3A00AB13BE /* Resources */,
			);
			buildRules = (
			);
			dependencies = (
				504F31EF1C9ABD3A00AB13BE /* PBXTargetDependency */,
			);
			name = HealthKitPracticeTests;
			productName = HealthKitPracticeTests;
			productReference = 504F31ED1C9ABD3A00AB13BE /* HealthKitPracticeTests.xctest */;
			productType = "com.apple.product-type.bundle.unit-test";
		};
/* End PBXNativeTarget section */

/* Begin PBXProject section */
		504F31D01C9ABD3A00AB13BE /* Project object */ = {
			isa = PBXProject;
			attributes = {
				LastUpgradeCheck = 0610;
				ORGANIZATIONNAME = Enclave;
				TargetAttributes = {
					504F31D71C9ABD3A00AB13BE = {
						CreatedOnToolsVersion = 6.1;
					};
					504F31EC1C9ABD3A00AB13BE = {
						CreatedOnToolsVersion = 6.1;
						TestTargetID = 504F31D71C9ABD3A00AB13BE;
					};
				};
			};
			buildConfigurationList = 504F31D31C9ABD3A00AB13BE /* Build configuration list for PBXProject "HealthKitPractice" */;
			compatibilityVersion = "Xcode 3.2";
			developmentRegion = English;
			hasScannedForEncodings = 0;
			knownRegions = (
				en,
				Base,
			);
			mainGroup = 504F31CF1C9ABD3A00AB13BE;
			productRefGroup = 504F31D91C9ABD3A00AB13BE /* Products */;
			projectDirPath = "";
			projectRoot = "";
			targets = (
				504F31D71C9ABD3A00AB13BE /* HealthKitPractice */,
				504F31EC1C9ABD3A00AB13BE /* HealthKitPracticeTests */,
			);
		};
/* End PBXProject section */

/* Begin PBXResourcesBuildPhase section */
		504F31D61C9ABD3A00AB13BE /* Resources */ = {
			isa = PBXResourcesBuildPhase;
			buildActionMask = 2147483647;
			files = (
				504F31E31C9ABD3A00AB13BE /* Main.storyboard in Resources */,
				504F31E81C9ABD3A00AB13BE /* LaunchScreen.xib in Resources */,
				504F31E51C9ABD3A00AB13BE /* Images.xcassets in Resources */,
			);
			runOnlyForDeploymentPostprocessing = 0;
		};
		504F31EB1C9ABD3A00AB13BE /* Resources */ = {
			isa = PBXResourcesBuildPhase;
			buildActionMask = 2147483647;
			files = (
			);
			runOnlyForDeploymentPostprocessing = 0;
		};
/* End PBXResourcesBuildPhase section */

/* Begin PBXSourcesBuildPhase section */
		504F31D41C9ABD3A00AB13BE /* Sources */ = {
			isa = PBXSourcesBuildPhase;
			buildActionMask = 2147483647;
			files = (
				504F31E01C9ABD3A00AB13BE /* ViewController.swift in Sources */,
				504F31DE1C9ABD3A00AB13BE /* AppDelegate.swift in Sources */,
			);
			runOnlyForDeploymentPostprocessing = 0;
		};
		504F31E91C9ABD3A00AB13BE /* Sources */ = {
			isa = PBXSourcesBuildPhase;
			buildActionMask = 2147483647;
			files = (
				504F31F41C9ABD3A00AB13BE /* HealthKitPracticeTests.swift in Sources */,
			);
			runOnlyForDeploymentPostprocessing = 0;
		};
/* End PBXSourcesBuildPhase section */

/* Begin PBXTargetDependency section */
		504F31EF1C9ABD3A00AB13BE /* PBXTargetDependency */ = {
			isa = PBXTargetDependency;
			target = 504F31D71C9ABD3A00AB13BE /* HealthKitPractice */;
			targetProxy = 504F31EE1C9ABD3A00AB13BE /* PBXContainerItemProxy */;
		};
/* End PBXTargetDependency section */

/* Begin PBXVariantGroup section */
		504F31E11C9ABD3A00AB13BE /* Main.storyboard */ = {
			isa = PBXVariantGroup;
			children = (
				504F31E21C9ABD3A00AB13BE /* Base */,
			);
			name = Main.storyboard;
			sourceTree = "<group>";
		};
		504F31E61C9ABD3A00AB13BE /* LaunchScreen.xib */ = {
			isa = PBXVariantGroup;
			children = (
				504F31E71C9ABD3A00AB13BE /* Base */,
			);
			name = LaunchScreen.xib;
			sourceTree = "<group>";
		};
/* End PBXVariantGroup section */

/* Begin XCBuildConfiguration section */
		504F31F51C9ABD3A00AB13BE /* Debug */ = {
			isa = XCBuildConfiguration;
			buildSettings = {
				ALWAYS_SEARCH_USER_PATHS = NO;
				CLANG_CXX_LANGUAGE_STANDARD = "gnu++0x";
				CLANG_CXX_LIBRARY = "libc++";
				CLANG_ENABLE_MODULES = YES;
				CLANG_ENABLE_OBJC_ARC = YES;
				CLANG_WARN_BOOL_CONVERSION = YES;
				CLANG_WARN_CONSTANT_CONVERSION = YES;
				CLANG_WARN_DIRECT_OBJC_ISA_USAGE = YES_ERROR;
				CLANG_WARN_EMPTY_BODY = YES;
				CLANG_WARN_ENUM_CONVERSION = YES;
				CLANG_WARN_INT_CONVERSION = YES;
				CLANG_WARN_OBJC_ROOT_CLASS = YES_ERROR;
				CLANG_WARN_UNREACHABLE_CODE = YES;
				CLANG_WARN__DUPLICATE_METHOD_MATCH = YES;
				"CODE_SIGN_IDENTITY[sdk=iphoneos*]" = "iPhone Developer";
				COPY_PHASE_STRIP = NO;
				ENABLE_STRICT_OBJC_MSGSEND = YES;
				GCC_C_LANGUAGE_STANDARD = gnu99;
				GCC_DYNAMIC_NO_PIC = NO;
				GCC_OPTIMIZATION_LEVEL = 0;
				GCC_PREPROCESSOR_DEFINITIONS = (
					"DEBUG=1",
					"$(inherited)",
				);
				GCC_SYMBOLS_PRIVATE_EXTERN = NO;
				GCC_WARN_64_TO_32_BIT_CONVERSION = YES;
				GCC_WARN_ABOUT_RETURN_TYPE = YES_ERROR;
				GCC_WARN_UNDECLARED_SELECTOR = YES;
				GCC_WARN_UNINITIALIZED_AUTOS = YES_AGGRESSIVE;
				GCC_WARN_UNUSED_FUNCTION = YES;
				GCC_WARN_UNUSED_VARIABLE = YES;
				IPHONEOS_DEPLOYMENT_TARGET = 8.1;
				MTL_ENABLE_DEBUG_INFO = YES;
				ONLY_ACTIVE_ARCH = YES;
				SDKROOT = iphoneos;
				SWIFT_OPTIMIZATION_LEVEL = "-Onone";
			};
			name = Debug;
		};
		504F31F61C9ABD3A00AB13BE /* Release */ = {
			isa = XCBuildConfiguration;
			buildSettings = {
				ALWAYS_SEARCH_USER_PATHS = NO;
				CLANG_CXX_LANGUAGE_STANDARD = "gnu++0x";
				CLANG_CXX_LIBRARY = "libc++";
				CLANG_ENABLE_MODULES = YES;
				CLANG_ENABLE_OBJC_ARC = YES;
				CLANG_WARN_BOOL_CONVERSION = YES;
				CLANG_WARN_CONSTANT_CONVERSION = YES;
				CLANG_WARN_DIRECT_OBJC_ISA_USAGE = YES_ERROR;
				CLANG_WARN_EMPTY_BODY = YES;
				CLANG_WARN_ENUM_CONVERSION = YES;
				CLANG_WARN_INT_CONVERSION = YES;
				CLANG_WARN_OBJC_ROOT_CLASS = YES_ERROR;
				CLANG_WARN_UNREACHABLE_CODE = YES;
				CLANG_WARN__DUPLICATE_METHOD_MATCH = YES;
				"CODE_SIGN_IDENTITY[sdk=iphoneos*]" = "iPhone Developer";
				COPY_PHASE_STRIP = YES;
				ENABLE_NS_ASSERTIONS = NO;
				ENABLE_STRICT_OBJC_MSGSEND = YES;
				GCC_C_LANGUAGE_STANDARD = gnu99;
				GCC_WARN_64_TO_32_BIT_CONVERSION = YES;
				GCC_WARN_ABOUT_RETURN_TYPE = YES_ERROR;
				GCC_WARN_UNDECLARED_SELECTOR = YES;
				GCC_WARN_UNINITIALIZED_AUTOS = YES_AGGRESSIVE;
				GCC_WARN_UNUSED_FUNCTION = YES;
				GCC_WARN_UNUSED_VARIABLE = YES;
				IPHONEOS_DEPLOYMENT_TARGET = 8.1;
				MTL_ENABLE_DEBUG_INFO = NO;
				SDKROOT = iphoneos;
				VALIDATE_PRODUCT = YES;
			};
			name = Release;
		};
		504F31F81C9ABD3A00AB13BE /* Debug */ = {
			isa = XCBuildConfiguration;
			buildSettings = {
				ASSETCATALOG_COMPILER_APPICON_NAME = AppIcon;
				INFOPLIST_FILE = HealthKitPractice/Info.plist;
				LD_RUNPATH_SEARCH_PATHS = "$(inherited) @executable_path/Frameworks";
				PRODUCT_NAME = "$(TARGET_NAME)";
			};
			name = Debug;
		};
		504F31F91C9ABD3A00AB13BE /* Release */ = {
			isa = XCBuildConfiguration;
			buildSettings = {
				ASSETCATALOG_COMPILER_APPICON_NAME = AppIcon;
				INFOPLIST_FILE = HealthKitPractice/Info.plist;
				LD_RUNPATH_SEARCH_PATHS = "$(inherited) @executable_path/Frameworks";
				PRODUCT_NAME = "$(TARGET_NAME)";
			};
			name = Release;
		};
		504F31FB1C9ABD3A00AB13BE /* Debug */ = {
			isa = XCBuildConfiguration;
			buildSettings = {
				BUNDLE_LOADER = "$(TEST_HOST)";
				FRAMEWORK_SEARCH_PATHS = (
					"$(SDKROOT)/Developer/Library/Frameworks",
					"$(inherited)",
				);
				GCC_PREPROCESSOR_DEFINITIONS = (
					"DEBUG=1",
					"$(inherited)",
				);
				INFOPLIST_FILE = HealthKitPracticeTests/Info.plist;
				LD_RUNPATH_SEARCH_PATHS = "$(inherited) @executable_path/Frameworks @loader_path/Frameworks";
				PRODUCT_NAME = "$(TARGET_NAME)";
				TEST_HOST = "$(BUILT_PRODUCTS_DIR)/HealthKitPractice.app/HealthKitPractice";
			};
			name = Debug;
		};
		504F31FC1C9ABD3A00AB13BE /* Release */ = {
			isa = XCBuildConfiguration;
			buildSettings = {
				BUNDLE_LOADER = "$(TEST_HOST)";
				FRAMEWORK_SEARCH_PATHS = (
					"$(SDKROOT)/Developer/Library/Frameworks",
					"$(inherited)",
				);
				INFOPLIST_FILE = HealthKitPracticeTests/Info.plist;
				LD_RUNPATH_SEARCH_PATHS = "$(inherited) @executable_path/Frameworks @loader_path/Frameworks";
				PRODUCT_NAME = "$(TARGET_NAME)";
				TEST_HOST = "$(BUILT_PRODUCTS_DIR)/HealthKitPractice.app/HealthKitPractice";
			};
			name = Release;
		};
/* End XCBuildConfiguration section */

/* Begin XCConfigurationList section */
		504F31D31C9ABD3A00AB13BE /* Build configuration list for PBXProject "HealthKitPractice" */ = {
			isa = XCConfigurationList;
			buildConfigurations = (
				504F31F51C9ABD3A00AB13BE /* Debug */,
				504F31F61C9ABD3A00AB13BE /* Release */,
			);
			defaultConfigurationIsVisible = 0;
			defaultConfigurationName = Release;
		};
		504F31F71C9ABD3A00AB13BE /* Build configuration list for PBXNativeTarget "HealthKitPractice" */ = {
			isa = XCConfigurationList;
			buildConfigurations = (
				504F31F81C9ABD3A00AB13BE /* Debug */,
				504F31F91C9ABD3A00AB13BE /* Release */,
			);
			defaultConfigurationIsVisible = 0;
		};
		504F31FA1C9ABD3A00AB13BE /* Build configuration list for PBXNativeTarget "HealthKitPracticeTests" */ = {
			isa = XCConfigurationList;
			buildConfigurations = (
				504F31FB1C9ABD3A00AB13BE /* Debug */,
				504F31FC1C9ABD3A00AB13BE /* Release */,
			);
			defaultConfigurationIsVisible = 0;
		};
/* End XCConfigurationList section */
	};
	rootObject = 504F31D01C9ABD3A00AB13BE /* Project object */;
}
